// !$*UTF8*$!
{
	archiveVersion = 1;
	classes = {
	};
	objectVersion = 46;
	objects = {

/* Begin PBXBuildFile section */
		971844701EE1A94C000EBDB9 /* AppDelegate.swift in Sources */ = {isa = PBXBuildFile; fileRef = 9718446F1EE1A94C000EBDB9 /* AppDelegate.swift */; };
		971844721EE1A94C000EBDB9 /* ViewController.swift in Sources */ = {isa = PBXBuildFile; fileRef = 971844711EE1A94C000EBDB9 /* ViewController.swift */; };
		971844751EE1A94C000EBDB9 /* Main.storyboard in Resources */ = {isa = PBXBuildFile; fileRef = 971844731EE1A94C000EBDB9 /* Main.storyboard */; };
		971844771EE1A94C000EBDB9 /* Assets.xcassets in Resources */ = {isa = PBXBuildFile; fileRef = 971844761EE1A94C000EBDB9 /* Assets.xcassets */; };
		9718447A1EE1A94C000EBDB9 /* LaunchScreen.storyboard in Resources */ = {isa = PBXBuildFile; fileRef = 971844781EE1A94C000EBDB9 /* LaunchScreen.storyboard */; };
		971844881EE1F6DE000EBDB9 /* libcrypto.a in Frameworks */ = {isa = PBXBuildFile; fileRef = 971844871EE1F6DE000EBDB9 /* libcrypto.a */; };
		9718448A1EE1F6E6000EBDB9 /* libssl.a in Frameworks */ = {isa = PBXBuildFile; fileRef = 971844891EE1F6E6000EBDB9 /* libssl.a */; };
		971844901EE1FBB3000EBDB9 /* orange_tree.c in Sources */ = {isa = PBXBuildFile; fileRef = 9718448E1EE1FBB3000EBDB9 /* orange_tree.c */; };
		971844931EE1FDE8000EBDB9 /* generate_hmac.c in Sources */ = {isa = PBXBuildFile; fileRef = 971844911EE1FDE8000EBDB9 /* generate_hmac.c */; };
		979473FD1EE58FAF00B7062D /* libcurl.a in Frameworks */ = {isa = PBXBuildFile; fileRef = 979473FC1EE58FAF00B7062D /* libcurl.a */; };
		BD0E24E8ABEFD9EB8DBB7E68 /* Pods_openssl_swift_bypass.framework in Frameworks */ = {isa = PBXBuildFile; fileRef = 94F876E47592556656CE0391 /* Pods_openssl_swift_bypass.framework */; };
/* End PBXBuildFile section */

/* Begin PBXFileReference section */
		94F876E47592556656CE0391 /* Pods_openssl_swift_bypass.framework */ = {isa = PBXFileReference; explicitFileType = wrapper.framework; includeInIndex = 0; path = Pods_openssl_swift_bypass.framework; sourceTree = BUILT_PRODUCTS_DIR; };
		9718446C1EE1A94C000EBDB9 /* openssl_swift_bypass.app */ = {isa = PBXFileReference; explicitFileType = wrapper.application; includeInIndex = 0; path = openssl_swift_bypass.app; sourceTree = BUILT_PRODUCTS_DIR; };
		9718446F1EE1A94C000EBDB9 /* AppDelegate.swift */ = {isa = PBXFileReference; lastKnownFileType = sourcecode.swift; path = AppDelegate.swift; sourceTree = "<group>"; };
		971844711EE1A94C000EBDB9 /* ViewController.swift */ = {isa = PBXFileReference; lastKnownFileType = sourcecode.swift; path = ViewController.swift; sourceTree = "<group>"; };
		971844741EE1A94C000EBDB9 /* Base */ = {isa = PBXFileReference; lastKnownFileType = file.storyboard; name = Base; path = Base.lproj/Main.storyboard; sourceTree = "<group>"; };
		971844761EE1A94C000EBDB9 /* Assets.xcassets */ = {isa = PBXFileReference; lastKnownFileType = folder.assetcatalog; path = Assets.xcassets; sourceTree = "<group>"; };
		971844791EE1A94C000EBDB9 /* Base */ = {isa = PBXFileReference; lastKnownFileType = file.storyboard; name = Base; path = Base.lproj/LaunchScreen.storyboard; sourceTree = "<group>"; };
		9718447B1EE1A94C000EBDB9 /* Info.plist */ = {isa = PBXFileReference; lastKnownFileType = text.plist.xml; path = Info.plist; sourceTree = "<group>"; };
		971844841EE1AB90000EBDB9 /* openssl_swift_bypass-Bridging-Header.h */ = {isa = PBXFileReference; lastKnownFileType = sourcecode.c.h; path = "openssl_swift_bypass-Bridging-Header.h"; sourceTree = SOURCE_ROOT; };
		971844871EE1F6DE000EBDB9 /* libcrypto.a */ = {isa = PBXFileReference; lastKnownFileType = archive.ar; name = libcrypto.a; path = "Pods/OpenSSL-Universal/lib-ios/libcrypto.a"; sourceTree = "<group>"; };
		971844891EE1F6E6000EBDB9 /* libssl.a */ = {isa = PBXFileReference; lastKnownFileType = archive.ar; name = libssl.a; path = "Pods/OpenSSL-Universal/lib-ios/libssl.a"; sourceTree = "<group>"; };
		9718448E1EE1FBB3000EBDB9 /* orange_tree.c */ = {isa = PBXFileReference; fileEncoding = 4; lastKnownFileType = sourcecode.c.c; path = orange_tree.c; sourceTree = "<group>"; };
		9718448F1EE1FBB3000EBDB9 /* orange_tree.h */ = {isa = PBXFileReference; fileEncoding = 4; lastKnownFileType = sourcecode.c.h; path = orange_tree.h; sourceTree = "<group>"; };
		971844911EE1FDE8000EBDB9 /* generate_hmac.c */ = {isa = PBXFileReference; fileEncoding = 4; lastKnownFileType = sourcecode.c.c; path = generate_hmac.c; sourceTree = "<group>"; };
		971844921EE1FDE8000EBDB9 /* generate_hmac.h */ = {isa = PBXFileReference; fileEncoding = 4; lastKnownFileType = sourcecode.c.h; path = generate_hmac.h; sourceTree = "<group>"; };
		979473F11EE58FAF00B7062D /* curl.h */ = {isa = PBXFileReference; fileEncoding = 4; lastKnownFileType = sourcecode.c.h; path = curl.h; sourceTree = "<group>"; };
		979473F21EE58FAF00B7062D /* curlbuild.h */ = {isa = PBXFileReference; fileEncoding = 4; lastKnownFileType = sourcecode.c.h; path = curlbuild.h; sourceTree = "<group>"; };
		979473F31EE58FAF00B7062D /* curlrules.h */ = {isa = PBXFileReference; fileEncoding = 4; lastKnownFileType = sourcecode.c.h; path = curlrules.h; sourceTree = "<group>"; };
		979473F41EE58FAF00B7062D /* curlver.h */ = {isa = PBXFileReference; fileEncoding = 4; lastKnownFileType = sourcecode.c.h; path = curlver.h; sourceTree = "<group>"; };
		979473F51EE58FAF00B7062D /* easy.h */ = {isa = PBXFileReference; fileEncoding = 4; lastKnownFileType = sourcecode.c.h; path = easy.h; sourceTree = "<group>"; };
		979473F61EE58FAF00B7062D /* mprintf.h */ = {isa = PBXFileReference; fileEncoding = 4; lastKnownFileType = sourcecode.c.h; path = mprintf.h; sourceTree = "<group>"; };
		979473F71EE58FAF00B7062D /* multi.h */ = {isa = PBXFileReference; fileEncoding = 4; lastKnownFileType = sourcecode.c.h; path = multi.h; sourceTree = "<group>"; };
		979473F81EE58FAF00B7062D /* stdcheaders.h */ = {isa = PBXFileReference; fileEncoding = 4; lastKnownFileType = sourcecode.c.h; path = stdcheaders.h; sourceTree = "<group>"; };
		979473F91EE58FAF00B7062D /* system.h */ = {isa = PBXFileReference; fileEncoding = 4; lastKnownFileType = sourcecode.c.h; path = system.h; sourceTree = "<group>"; };
		979473FA1EE58FAF00B7062D /* typecheck-gcc.h */ = {isa = PBXFileReference; fileEncoding = 4; lastKnownFileType = sourcecode.c.h; path = "typecheck-gcc.h"; sourceTree = "<group>"; };
		979473FC1EE58FAF00B7062D /* libcurl.a */ = {isa = PBXFileReference; lastKnownFileType = archive.ar; path = libcurl.a; sourceTree = "<group>"; };
		979474121EE59E0800B7062D /* Pods_openssl_swift_bypass.framework */ = {isa = PBXFileReference; lastKnownFileType = wrapper.framework; name = Pods_openssl_swift_bypass.framework; path = "../../Library/Developer/Xcode/DerivedData/openssl_swift_bypass-fzbrwoxthydvqcbsnucrxbpgvdvf/Build/Products/Debug-iphonesimulator/Pods_openssl_swift_bypass.framework"; sourceTree = "<group>"; };
		BB4A3AE854C4024C81DC0599 /* Pods-openssl_swift_bypass.release.xcconfig */ = {isa = PBXFileReference; includeInIndex = 1; lastKnownFileType = text.xcconfig; name = "Pods-openssl_swift_bypass.release.xcconfig"; path = "Pods/Target Support Files/Pods-openssl_swift_bypass/Pods-openssl_swift_bypass.release.xcconfig"; sourceTree = "<group>"; };
		F8FF3B4B5159DC88A8473BDB /* Pods-openssl_swift_bypass.debug.xcconfig */ = {isa = PBXFileReference; includeInIndex = 1; lastKnownFileType = text.xcconfig; name = "Pods-openssl_swift_bypass.debug.xcconfig"; path = "Pods/Target Support Files/Pods-openssl_swift_bypass/Pods-openssl_swift_bypass.debug.xcconfig"; sourceTree = "<group>"; };
/* End PBXFileReference section */

/* Begin PBXFrameworksBuildPhase section */
		971844691EE1A94C000EBDB9 /* Frameworks */ = {
			isa = PBXFrameworksBuildPhase;
			buildActionMask = 2147483647;
			files = (
				BD0E24E8ABEFD9EB8DBB7E68 /* Pods_openssl_swift_bypass.framework in Frameworks */,
				979473FD1EE58FAF00B7062D /* libcurl.a in Frameworks */,
				971844881EE1F6DE000EBDB9 /* libcrypto.a in Frameworks */,
				9718448A1EE1F6E6000EBDB9 /* libssl.a in Frameworks */,
			);
			runOnlyForDeploymentPostprocessing = 0;
		};
/* End PBXFrameworksBuildPhase section */

/* Begin PBXGroup section */
		0D2C4215AA5F019E648A326D /* Pods */ = {
			isa = PBXGroup;
			children = (
				F8FF3B4B5159DC88A8473BDB /* Pods-openssl_swift_bypass.debug.xcconfig */,
				BB4A3AE854C4024C81DC0599 /* Pods-openssl_swift_bypass.release.xcconfig */,
			);
			name = Pods;
			sourceTree = "<group>";
		};
		763C78CA3A83F55C3B39C10A /* Frameworks */ = {
			isa = PBXGroup;
			children = (
				979474121EE59E0800B7062D /* Pods_openssl_swift_bypass.framework */,
				971844891EE1F6E6000EBDB9 /* libssl.a */,
				971844871EE1F6DE000EBDB9 /* libcrypto.a */,
				94F876E47592556656CE0391 /* Pods_openssl_swift_bypass.framework */,
			);
			name = Frameworks;
			sourceTree = "<group>";
		};
		971844631EE1A94C000EBDB9 = {
			isa = PBXGroup;
			children = (
				9718446E1EE1A94C000EBDB9 /* openssl_swift_bypass */,
				9718446D1EE1A94C000EBDB9 /* Products */,
				0D2C4215AA5F019E648A326D /* Pods */,
				763C78CA3A83F55C3B39C10A /* Frameworks */,
			);
			sourceTree = "<group>";
		};
		9718446D1EE1A94C000EBDB9 /* Products */ = {
			isa = PBXGroup;
			children = (
				9718446C1EE1A94C000EBDB9 /* openssl_swift_bypass.app */,
			);
			name = Products;
			sourceTree = "<group>";
		};
		9718446E1EE1A94C000EBDB9 /* openssl_swift_bypass */ = {
			isa = PBXGroup;
			children = (
				979474001EE594A300B7062D /* Swift */,
				971844941EE1FF2B000EBDB9 /* C_Splashscreen */,
				971844951EE1FF39000EBDB9 /* C_hmac */,
				979473EE1EE58FAF00B7062D /* libcurl-ios-dist */,
				971844761EE1A94C000EBDB9 /* Assets.xcassets */,
				971844731EE1A94C000EBDB9 /* Main.storyboard */,
				971844781EE1A94C000EBDB9 /* LaunchScreen.storyboard */,
				971844841EE1AB90000EBDB9 /* openssl_swift_bypass-Bridging-Header.h */,
				9718447B1EE1A94C000EBDB9 /* Info.plist */,
			);
			path = openssl_swift_bypass;
			sourceTree = "<group>";
		};
		971844941EE1FF2B000EBDB9 /* C_Splashscreen */ = {
			isa = PBXGroup;
			children = (
				9718448E1EE1FBB3000EBDB9 /* orange_tree.c */,
				9718448F1EE1FBB3000EBDB9 /* orange_tree.h */,
			);
			name = C_Splashscreen;
			sourceTree = "<group>";
		};
		971844951EE1FF39000EBDB9 /* C_hmac */ = {
			isa = PBXGroup;
			children = (
				971844911EE1FDE8000EBDB9 /* generate_hmac.c */,
				971844921EE1FDE8000EBDB9 /* generate_hmac.h */,
			);
			name = C_hmac;
			sourceTree = "<group>";
		};
		979473EE1EE58FAF00B7062D /* libcurl-ios-dist */ = {
			isa = PBXGroup;
			children = (
				979473EF1EE58FAF00B7062D /* include */,
				979473FB1EE58FAF00B7062D /* lib */,
			);
			path = "libcurl-ios-dist";
			sourceTree = "<group>";
		};
		979473EF1EE58FAF00B7062D /* include */ = {
			isa = PBXGroup;
			children = (
				979473F01EE58FAF00B7062D /* curl */,
			);
			path = include;
			sourceTree = "<group>";
		};
		979473F01EE58FAF00B7062D /* curl */ = {
			isa = PBXGroup;
			children = (
				979473F11EE58FAF00B7062D /* curl.h */,
				979473F21EE58FAF00B7062D /* curlbuild.h */,
				979473F31EE58FAF00B7062D /* curlrules.h */,
				979473F41EE58FAF00B7062D /* curlver.h */,
				979473F51EE58FAF00B7062D /* easy.h */,
				979473F61EE58FAF00B7062D /* mprintf.h */,
				979473F71EE58FAF00B7062D /* multi.h */,
				979473F81EE58FAF00B7062D /* stdcheaders.h */,
				979473F91EE58FAF00B7062D /* system.h */,
				979473FA1EE58FAF00B7062D /* typecheck-gcc.h */,
			);
			path = curl;
			sourceTree = "<group>";
		};
		979473FB1EE58FAF00B7062D /* lib */ = {
			isa = PBXGroup;
			children = (
				979473FC1EE58FAF00B7062D /* libcurl.a */,
			);
			path = lib;
			sourceTree = "<group>";
		};
		979474001EE594A300B7062D /* Swift */ = {
			isa = PBXGroup;
			children = (
				9718446F1EE1A94C000EBDB9 /* AppDelegate.swift */,
				971844711EE1A94C000EBDB9 /* ViewController.swift */,
			);
			name = Swift;
			sourceTree = "<group>";
		};
/* End PBXGroup section */

/* Begin PBXNativeTarget section */
		9718446B1EE1A94C000EBDB9 /* openssl_swift_bypass */ = {
			isa = PBXNativeTarget;
			buildConfigurationList = 9718447E1EE1A94C000EBDB9 /* Build configuration list for PBXNativeTarget "openssl_swift_bypass" */;
			buildPhases = (
				CBD5FF1CE37D8C74D1053F6F /* [CP] Check Pods Manifest.lock */,
				971844681EE1A94C000EBDB9 /* Sources */,
				971844691EE1A94C000EBDB9 /* Frameworks */,
				9718446A1EE1A94C000EBDB9 /* Resources */,
				97C108BCAEE2B2E051B97624 /* [CP] Embed Pods Frameworks */,
				7C65B328EB9E58280392060C /* [CP] Copy Pods Resources */,
			);
			buildRules = (
			);
			dependencies = (
			);
			name = openssl_swift_bypass;
			productName = openssl_swift_bypass;
			productReference = 9718446C1EE1A94C000EBDB9 /* openssl_swift_bypass.app */;
			productType = "com.apple.product-type.application";
		};
/* End PBXNativeTarget section */

/* Begin PBXProject section */
		971844641EE1A94C000EBDB9 /* Project object */ = {
			isa = PBXProject;
			attributes = {
				LastSwiftUpdateCheck = 0830;
				LastUpgradeCheck = 0830;
				ORGANIZATIONNAME = youdog;
				TargetAttributes = {
					9718446B1EE1A94C000EBDB9 = {
						CreatedOnToolsVersion = 8.3.2;
						DevelopmentTeam = 2N3CU4HVH8;
						LastSwiftMigration = 0830;
						ProvisioningStyle = Automatic;
					};
				};
			};
			buildConfigurationList = 971844671EE1A94C000EBDB9 /* Build configuration list for PBXProject "openssl_swift_bypass" */;
			compatibilityVersion = "Xcode 3.2";
			developmentRegion = English;
			hasScannedForEncodings = 0;
			knownRegions = (
				en,
				Base,
			);
			mainGroup = 971844631EE1A94C000EBDB9;
			productRefGroup = 9718446D1EE1A94C000EBDB9 /* Products */;
			projectDirPath = "";
			projectRoot = "";
			targets = (
				9718446B1EE1A94C000EBDB9 /* openssl_swift_bypass */,
			);
		};
/* End PBXProject section */

/* Begin PBXResourcesBuildPhase section */
		9718446A1EE1A94C000EBDB9 /* Resources */ = {
			isa = PBXResourcesBuildPhase;
			buildActionMask = 2147483647;
			files = (
				9718447A1EE1A94C000EBDB9 /* LaunchScreen.storyboard in Resources */,
				971844771EE1A94C000EBDB9 /* Assets.xcassets in Resources */,
				971844751EE1A94C000EBDB9 /* Main.storyboard in Resources */,
			);
			runOnlyForDeploymentPostprocessing = 0;
		};
/* End PBXResourcesBuildPhase section */

/* Begin PBXShellScriptBuildPhase section */
		7C65B328EB9E58280392060C /* [CP] Copy Pods Resources */ = {
			isa = PBXShellScriptBuildPhase;
			buildActionMask = 2147483647;
			files = (
			);
			inputPaths = (
			);
			name = "[CP] Copy Pods Resources";
			outputPaths = (
			);
			runOnlyForDeploymentPostprocessing = 0;
			shellPath = /bin/sh;
			shellScript = "\"${SRCROOT}/Pods/Target Support Files/Pods-openssl_swift_bypass/Pods-openssl_swift_bypass-resources.sh\"\n";
			showEnvVarsInLog = 0;
		};
		97C108BCAEE2B2E051B97624 /* [CP] Embed Pods Frameworks */ = {
			isa = PBXShellScriptBuildPhase;
			buildActionMask = 2147483647;
			files = (
			);
			inputPaths = (
			);
			name = "[CP] Embed Pods Frameworks";
			outputPaths = (
			);
			runOnlyForDeploymentPostprocessing = 0;
			shellPath = /bin/sh;
			shellScript = "\"${SRCROOT}/Pods/Target Support Files/Pods-openssl_swift_bypass/Pods-openssl_swift_bypass-frameworks.sh\"\n";
			showEnvVarsInLog = 0;
		};
		CBD5FF1CE37D8C74D1053F6F /* [CP] Check Pods Manifest.lock */ = {
			isa = PBXShellScriptBuildPhase;
			buildActionMask = 2147483647;
			files = (
			);
			inputPaths = (
			);
			name = "[CP] Check Pods Manifest.lock";
			outputPaths = (
			);
			runOnlyForDeploymentPostprocessing = 0;
			shellPath = /bin/sh;
			shellScript = "diff \"${PODS_PODFILE_DIR_PATH}/Podfile.lock\" \"${PODS_ROOT}/Manifest.lock\" > /dev/null\nif [ $? != 0 ] ; then\n    # print error to STDERR\n    echo \"error: The sandbox is not in sync with the Podfile.lock. Run 'pod install' or update your CocoaPods installation.\" >&2\n    exit 1\nfi\n";
			showEnvVarsInLog = 0;
		};
/* End PBXShellScriptBuildPhase section */

/* Begin PBXSourcesBuildPhase section */
		971844681EE1A94C000EBDB9 /* Sources */ = {
			isa = PBXSourcesBuildPhase;
			buildActionMask = 2147483647;
			files = (
				971844901EE1FBB3000EBDB9 /* orange_tree.c in Sources */,
				971844931EE1FDE8000EBDB9 /* generate_hmac.c in Sources */,
				971844721EE1A94C000EBDB9 /* ViewController.swift in Sources */,
				971844701EE1A94C000EBDB9 /* AppDelegate.swift in Sources */,
			);
			runOnlyForDeploymentPostprocessing = 0;
		};
/* End PBXSourcesBuildPhase section */

/* Begin PBXVariantGroup section */
		971844731EE1A94C000EBDB9 /* Main.storyboard */ = {
			isa = PBXVariantGroup;
			children = (
				971844741EE1A94C000EBDB9 /* Base */,
			);
			name = Main.storyboard;
			sourceTree = "<group>";
		};
		971844781EE1A94C000EBDB9 /* LaunchScreen.storyboard */ = {
			isa = PBXVariantGroup;
			children = (
				971844791EE1A94C000EBDB9 /* Base */,
			);
			name = LaunchScreen.storyboard;
			sourceTree = "<group>";
		};
/* End PBXVariantGroup section */

/* Begin XCBuildConfiguration section */
		9718447C1EE1A94C000EBDB9 /* Debug */ = {
			isa = XCBuildConfiguration;
			buildSettings = {
				ALWAYS_SEARCH_USER_PATHS = NO;
				CLANG_ANALYZER_NONNULL = YES;
				CLANG_ANALYZER_NUMBER_OBJECT_CONVERSION = YES_AGGRESSIVE;
				CLANG_CXX_LANGUAGE_STANDARD = "gnu++0x";
				CLANG_CXX_LIBRARY = "libc++";
				CLANG_ENABLE_MODULES = YES;
				CLANG_ENABLE_OBJC_ARC = YES;
				CLANG_WARN_BOOL_CONVERSION = YES;
				CLANG_WARN_CONSTANT_CONVERSION = YES;
				CLANG_WARN_DIRECT_OBJC_ISA_USAGE = YES_ERROR;
				CLANG_WARN_DOCUMENTATION_COMMENTS = YES;
				CLANG_WARN_EMPTY_BODY = YES;
				CLANG_WARN_ENUM_CONVERSION = YES;
				CLANG_WARN_INFINITE_RECURSION = YES;
				CLANG_WARN_INT_CONVERSION = YES;
				CLANG_WARN_OBJC_ROOT_CLASS = YES_ERROR;
				CLANG_WARN_SUSPICIOUS_MOVE = YES;
				CLANG_WARN_UNREACHABLE_CODE = YES;
				CLANG_WARN__DUPLICATE_METHOD_MATCH = YES;
				"CODE_SIGN_IDENTITY[sdk=iphoneos*]" = "iPhone Developer";
				COPY_PHASE_STRIP = NO;
				DEBUG_INFORMATION_FORMAT = dwarf;
				ENABLE_STRICT_OBJC_MSGSEND = YES;
				ENABLE_TESTABILITY = YES;
				GCC_C_LANGUAGE_STANDARD = gnu99;
				GCC_DYNAMIC_NO_PIC = NO;
				GCC_NO_COMMON_BLOCKS = YES;
				GCC_OPTIMIZATION_LEVEL = 0;
				GCC_PREPROCESSOR_DEFINITIONS = (
					"DEBUG=1",
					"$(inherited)",
				);
				GCC_WARN_64_TO_32_BIT_CONVERSION = YES;
				GCC_WARN_ABOUT_RETURN_TYPE = YES_ERROR;
				GCC_WARN_UNDECLARED_SELECTOR = YES;
				GCC_WARN_UNINITIALIZED_AUTOS = YES_AGGRESSIVE;
				GCC_WARN_UNUSED_FUNCTION = YES;
				GCC_WARN_UNUSED_VARIABLE = YES;
				IPHONEOS_DEPLOYMENT_TARGET = 10.3;
				MTL_ENABLE_DEBUG_INFO = YES;
				ONLY_ACTIVE_ARCH = YES;
				SDKROOT = iphoneos;
				SWIFT_ACTIVE_COMPILATION_CONDITIONS = DEBUG;
				SWIFT_OPTIMIZATION_LEVEL = "-Onone";
			};
			name = Debug;
		};
		9718447D1EE1A94C000EBDB9 /* Release */ = {
			isa = XCBuildConfiguration;
			buildSettings = {
				ALWAYS_SEARCH_USER_PATHS = NO;
				CLANG_ANALYZER_NONNULL = YES;
				CLANG_ANALYZER_NUMBER_OBJECT_CONVERSION = YES_AGGRESSIVE;
				CLANG_CXX_LANGUAGE_STANDARD = "gnu++0x";
				CLANG_CXX_LIBRARY = "libc++";
				CLANG_ENABLE_MODULES = YES;
				CLANG_ENABLE_OBJC_ARC = YES;
				CLANG_WARN_BOOL_CONVERSION = YES;
				CLANG_WARN_CONSTANT_CONVERSION = YES;
				CLANG_WARN_DIRECT_OBJC_ISA_USAGE = YES_ERROR;
				CLANG_WARN_DOCUMENTATION_COMMENTS = YES;
				CLANG_WARN_EMPTY_BODY = YES;
				CLANG_WARN_ENUM_CONVERSION = YES;
				CLANG_WARN_INFINITE_RECURSION = YES;
				CLANG_WARN_INT_CONVERSION = YES;
				CLANG_WARN_OBJC_ROOT_CLASS = YES_ERROR;
				CLANG_WARN_SUSPICIOUS_MOVE = YES;
				CLANG_WARN_UNREACHABLE_CODE = YES;
				CLANG_WARN__DUPLICATE_METHOD_MATCH = YES;
				"CODE_SIGN_IDENTITY[sdk=iphoneos*]" = "iPhone Developer";
				COPY_PHASE_STRIP = NO;
				DEBUG_INFORMATION_FORMAT = "dwarf-with-dsym";
				ENABLE_NS_ASSERTIONS = NO;
				ENABLE_STRICT_OBJC_MSGSEND = YES;
				GCC_C_LANGUAGE_STANDARD = gnu99;
				GCC_NO_COMMON_BLOCKS = YES;
				GCC_WARN_64_TO_32_BIT_CONVERSION = YES;
				GCC_WARN_ABOUT_RETURN_TYPE = YES_ERROR;
				GCC_WARN_UNDECLARED_SELECTOR = YES;
				GCC_WARN_UNINITIALIZED_AUTOS = YES_AGGRESSIVE;
				GCC_WARN_UNUSED_FUNCTION = YES;
				GCC_WARN_UNUSED_VARIABLE = YES;
				IPHONEOS_DEPLOYMENT_TARGET = 10.3;
				MTL_ENABLE_DEBUG_INFO = NO;
				SDKROOT = iphoneos;
				SWIFT_OPTIMIZATION_LEVEL = "-Owholemodule";
				VALIDATE_PRODUCT = YES;
			};
			name = Release;
		};
		9718447F1EE1A94C000EBDB9 /* Debug */ = {
			isa = XCBuildConfiguration;
			baseConfigurationReference = F8FF3B4B5159DC88A8473BDB /* Pods-openssl_swift_bypass.debug.xcconfig */;
			buildSettings = {
				ALWAYS_SEARCH_USER_PATHS = NO;
				ASSETCATALOG_COMPILER_APPICON_NAME = AppIcon;
				CLANG_ENABLE_MODULES = YES;
				DEVELOPMENT_TEAM = 2N3CU4HVH8;
				FRAMEWORK_SEARCH_PATHS = (
					"$(inherited)",
					"$(PROJECT_DIR)/openssl_swift_bypass",
				);
				INFOPLIST_FILE = openssl_swift_bypass/Info.plist;
				LD_RUNPATH_SEARCH_PATHS = "$(inherited) @executable_path/Frameworks";
				LIBRARY_SEARCH_PATHS = (
					"$(inherited)",
					"$(PROJECT_DIR)/Pods/OpenSSL-Universal/lib-ios",
					"$(PROJECT_DIR)/openssl_swift_bypass/libcurl-ios-dist/lib",
				);
				PRODUCT_BUNDLE_IDENTIFIER = "com.youdog.openssl-swift-bypass";
				PRODUCT_NAME = "$(TARGET_NAME)";
				SWIFT_OBJC_BRIDGING_HEADER = "openssl_swift_bypass-Bridging-Header.h";
				SWIFT_OPTIMIZATION_LEVEL = "-Onone";
				SWIFT_VERSION = 3.0;
			};
			name = Debug;
		};
		971844801EE1A94C000EBDB9 /* Release */ = {
			isa = XCBuildConfiguration;
			baseConfigurationReference = BB4A3AE854C4024C81DC0599 /* Pods-openssl_swift_bypass.release.xcconfig */;
			buildSettings = {
				ALWAYS_SEARCH_USER_PATHS = NO;
				ASSETCATALOG_COMPILER_APPICON_NAME = AppIcon;
				CLANG_ENABLE_MODULES = YES;
				DEVELOPMENT_TEAM = 2N3CU4HVH8;
				FRAMEWORK_SEARCH_PATHS = (
					"$(inherited)",
					"$(PROJECT_DIR)/openssl_swift_bypass",
				);
				INFOPLIST_FILE = openssl_swift_bypass/Info.plist;
				LD_RUNPATH_SEARCH_PATHS = "$(inherited) @executable_path/Frameworks";
				LIBRARY_SEARCH_PATHS = (
					"$(inherited)",
					"$(PROJECT_DIR)/Pods/OpenSSL-Universal/lib-ios",
					"$(PROJECT_DIR)/openssl_swift_bypass/libcurl-ios-dist/lib",
				);
				PRODUCT_BUNDLE_IDENTIFIER = "com.youdog.openssl-swift-bypass";
				PRODUCT_NAME = "$(TARGET_NAME)";
				SWIFT_OBJC_BRIDGING_HEADER = "openssl_swift_bypass-Bridging-Header.h";
				SWIFT_VERSION = 3.0;
			};
			name = Release;
		};
/* End XCBuildConfiguration section */

/* Begin XCConfigurationList section */
		971844671EE1A94C000EBDB9 /* Build configuration list for PBXProject "openssl_swift_bypass" */ = {
			isa = XCConfigurationList;
			buildConfigurations = (
				9718447C1EE1A94C000EBDB9 /* Debug */,
				9718447D1EE1A94C000EBDB9 /* Release */,
			);
			defaultConfigurationIsVisible = 0;
			defaultConfigurationName = Release;
		};
		9718447E1EE1A94C000EBDB9 /* Build configuration list for PBXNativeTarget "openssl_swift_bypass" */ = {
			isa = XCConfigurationList;
			buildConfigurations = (
				9718447F1EE1A94C000EBDB9 /* Debug */,
				971844801EE1A94C000EBDB9 /* Release */,
			);
			defaultConfigurationIsVisible = 0;
			defaultConfigurationName = Release;
		};
/* End XCConfigurationList section */
	};
	rootObject = 971844641EE1A94C000EBDB9 /* Project object */;
}
